speakeasyVersion: 1.592.2
sources:
    Deck API:
        sourceNamespace: deck-api
        sourceRevisionDigest: sha256:09b21d3494f34eed52d3ed397c2601c7e0f22f2ae322818025bb307ca953464e
        sourceBlobDigest: sha256:b8a3028166f51e0d5664817e23443f8f31f9746772eb6224c4678b63c858e556
        tags:
            - latest
            - speakeasy-sdk-regen-1753147334
            - v1
targets:
    deck:
        source: Deck API
        sourceNamespace: deck-api
        sourceRevisionDigest: sha256:09b21d3494f34eed52d3ed397c2601c7e0f22f2ae322818025bb307ca953464e
        sourceBlobDigest: sha256:b8a3028166f51e0d5664817e23443f8f31f9746772eb6224c4678b63c858e556
        codeSamplesNamespace: deck-api-go-code-samples
        codeSamplesRevisionDigest: sha256:a59cfad28f06fb05dab7c573273df837834bf8008771d7e7c0aa5108086d3ca5
workflow:
    workflowVersion: 1.0.0
    speakeasyVersion: latest
    sources:
        Deck API:
            inputs:
                - location: https://live.deck.co/openapi/v1.json
            overlays:
                - location: .speakeasy/speakeasy-modifications-overlay.yaml
            output: .speakeasy/out.openapi.yaml
            registry:
                location: registry.speakeasyapi.dev/deck-software-inc/poc/deck-api
    targets:
        deck:
            target: go
            source: Deck API
            codeSamples:
                registry:
                    location: registry.speakeasyapi.dev/deck-software-inc/poc/deck-api-go-code-samples
                labelOverride:
                    fixedValue: Go (SDK)
                blocking: false
