speakeasyVersion: 1.668.0
sources:
    Deck API:
        sourceNamespace: deck-api
        sourceRevisionDigest: sha256:7dfd0c4ad0974db8ba7ec6087a2964579494cb03704821126c9f140537f66126
        sourceBlobDigest: sha256:b3553ee79076e04b840ebe2f3fbbab37a9809ca5bf526ed9f74f1333c24d81bb
        tags:
            - latest
            - speakeasy-sdk-regen-1760749678
            - v1
targets:
    deck:
        source: Deck API
        sourceNamespace: deck-api
        sourceRevisionDigest: sha256:7dfd0c4ad0974db8ba7ec6087a2964579494cb03704821126c9f140537f66126
        sourceBlobDigest: sha256:b3553ee79076e04b840ebe2f3fbbab37a9809ca5bf526ed9f74f1333c24d81bb
        codeSamplesNamespace: deck-api-go-code-samples
        codeSamplesRevisionDigest: sha256:01226dd4fe02379e0f10d2c8531a58e0df994b6a0d56eca5c1bf66d04b747ff7
workflow:
    workflowVersion: 1.0.0
    speakeasyVersion: latest
    sources:
        Deck API:
            inputs:
                - location: https://live.deck.co/openapi/v1.json
            overlays:
                - location: .speakeasy/speakeasy-modifications-overlay.yaml
            output: .speakeasy/out.openapi.yaml
            registry:
                location: registry.speakeasyapi.dev/deck-software-inc/poc/deck-api
    targets:
        deck:
            target: go
            source: Deck API
            codeSamples:
                registry:
                    location: registry.speakeasyapi.dev/deck-software-inc/poc/deck-api-go-code-samples
                labelOverride:
                    fixedValue: Go (SDK)
                blocking: false
